
Microsoft Visual Studio Solution File, Format Version 12.00
# Visual Studio Version 16
VisualStudioVersion = 25.0.1706.4
MinimumVisualStudioVersion = 10.0.40219.1
Project("{FAE04EC0-301F-11D3-BF4B-00C04F79EFBC}") = "DataAccess", "DataAccess\DataAccess.csproj", "{94FB349E-21F7-4018-ACF6-F9F7DDFBC909}"
EndProject
Project("{FAE04EC0-301F-11D3-BF4B-00C04F79EFBC}") = "Business", "Business\Business.csproj", "{15412ED5-B3CA-4708-B393-687C2FBE0CFB}"
EndProject
Project("{FAE04EC0-301F-11D3-BF4B-00C04F79EFBC}") = "ConsoleUI", "ConsoleUI\ConsoleUI.csproj", "{40FB3B35-B483-4173-A5EF-A4056EF40C5C}"
EndProject
Project("{FAE04EC0-301F-11D3-BF4B-00C04F79EFBC}") = "Entities", "Entities\Entities.csproj", "{D39A5FBB-A5D1-4DC8-9142-974C463E1AC0}"
EndProject
Project("{2150E333-8FDC-42A3-9474-1A3956D46DE8}") = "Solution Items", "Solution Items", "{E55F5CF9-E78A-4615-988C-C434A2137E3D}"
	ProjectSection(SolutionItems) = preProject
		.editorconfig = .editorconfig
	EndProjectSection
EndProject
Project("{FAE04EC0-301F-11D3-BF4B-00C04F79EFBC}") = "Core", "Core\Core.csproj", "{9CADB3A3-8554-4A5A-9F1F-AA01306B1E8A}"
EndProject
Project("{FAE04EC0-301F-11D3-BF4B-00C04F79EFBC}") = "WebAPI", "WebAPI\WebAPI.csproj", "{57EE3757-43BE-43C7-970A-8646EDADD390}"
EndProject
Global
	GlobalSection(SolutionConfigurationPlatforms) = preSolution
		Debug|Any CPU = Debug|Any CPU
		Release|Any CPU = Release|Any CPU
	EndGlobalSection
	GlobalSection(ProjectConfigurationPlatforms) = postSolution
		{94FB349E-21F7-4018-ACF6-F9F7DDFBC909}.Debug|Any CPU.ActiveCfg = Debug|Any CPU
		{94FB349E-21F7-4018-ACF6-F9F7DDFBC909}.Debug|Any CPU.Build.0 = Debug|Any CPU
		{94FB349E-21F7-4018-ACF6-F9F7DDFBC909}.Release|Any CPU.ActiveCfg = Release|Any CPU
		{94FB349E-21F7-4018-ACF6-F9F7DDFBC909}.Release|Any CPU.Build.0 = Release|Any CPU
		{15412ED5-B3CA-4708-B393-687C2FBE0CFB}.Debug|Any CPU.ActiveCfg = Debug|Any CPU
		{15412ED5-B3CA-4708-B393-687C2FBE0CFB}.Debug|Any CPU.Build.0 = Debug|Any CPU
		{15412ED5-B3CA-4708-B393-687C2FBE0CFB}.Release|Any CPU.ActiveCfg = Release|Any CPU
		{15412ED5-B3CA-4708-B393-687C2FBE0CFB}.Release|Any CPU.Build.0 = Release|Any CPU
		{40FB3B35-B483-4173-A5EF-A4056EF40C5C}.Debug|Any CPU.ActiveCfg = Debug|Any CPU
		{40FB3B35-B483-4173-A5EF-A4056EF40C5C}.Debug|Any CPU.Build.0 = Debug|Any CPU
		{40FB3B35-B483-4173-A5EF-A4056EF40C5C}.Release|Any CPU.ActiveCfg = Release|Any CPU
		{40FB3B35-B483-4173-A5EF-A4056EF40C5C}.Release|Any CPU.Build.0 = Release|Any CPU
		{D39A5FBB-A5D1-4DC8-9142-974C463E1AC0}.Debug|Any CPU.ActiveCfg = Debug|Any CPU
		{D39A5FBB-A5D1-4DC8-9142-974C463E1AC0}.Debug|Any CPU.Build.0 = Debug|Any CPU
		{D39A5FBB-A5D1-4DC8-9142-974C463E1AC0}.Release|Any CPU.ActiveCfg = Release|Any CPU
		{D39A5FBB-A5D1-4DC8-9142-974C463E1AC0}.Release|Any CPU.Build.0 = Release|Any CPU
		{9CADB3A3-8554-4A5A-9F1F-AA01306B1E8A}.Debug|Any CPU.ActiveCfg = Debug|Any CPU
		{9CADB3A3-8554-4A5A-9F1F-AA01306B1E8A}.Debug|Any CPU.Build.0 = Debug|Any CPU
		{9CADB3A3-8554-4A5A-9F1F-AA01306B1E8A}.Release|Any CPU.ActiveCfg = Release|Any CPU
		{9CADB3A3-8554-4A5A-9F1F-AA01306B1E8A}.Release|Any CPU.Build.0 = Release|Any CPU
		{57EE3757-43BE-43C7-970A-8646EDADD390}.Debug|Any CPU.ActiveCfg = Debug|Any CPU
		{57EE3757-43BE-43C7-970A-8646EDADD390}.Debug|Any CPU.Build.0 = Debug|Any CPU
		{57EE3757-43BE-43C7-970A-8646EDADD390}.Release|Any CPU.ActiveCfg = Release|Any CPU
		{57EE3757-43BE-43C7-970A-8646EDADD390}.Release|Any CPU.Build.0 = Release|Any CPU
	EndGlobalSection
	GlobalSection(SolutionProperties) = preSolution
		HideSolutionNode = FALSE
	EndGlobalSection
	GlobalSection(ExtensibilityGlobals) = postSolution
		SolutionGuid = {5CA7D56D-D682-452F-B40C-DCCDF8354816}
	EndGlobalSection
EndGlobal
