
Microsoft Visual Studio Solution File, Format Version 12.00
# Visual Studio Version 16
VisualStudioVersion = 25.0.1706.5
MinimumVisualStudioVersion = 10.0.40219.1
Project("{FAE04EC0-301F-11D3-BF4B-00C04F79EFBC}") = "ConsoleUI", "ConsoleUI.csproj", "{0CA799E7-B96F-4FE3-AFA6-32E70D502BEE}"
EndProject
Global
	GlobalSection(SolutionConfigurationPlatforms) = preSolution
		Debug|Any CPU = Debug|Any CPU
		Release|Any CPU = Release|Any CPU
	EndGlobalSection
	GlobalSection(ProjectConfigurationPlatforms) = postSolution
		{0CA799E7-B96F-4FE3-AFA6-32E70D502BEE}.Debug|Any CPU.ActiveCfg = Debug|Any CPU
		{0CA799E7-B96F-4FE3-AFA6-32E70D502BEE}.Debug|Any CPU.Build.0 = Debug|Any CPU
		{0CA799E7-B96F-4FE3-AFA6-32E70D502BEE}.Release|Any CPU.ActiveCfg = Release|Any CPU
		{0CA799E7-B96F-4FE3-AFA6-32E70D502BEE}.Release|Any CPU.Build.0 = Release|Any CPU
	EndGlobalSection
	GlobalSection(SolutionProperties) = preSolution
		HideSolutionNode = FALSE
	EndGlobalSection
	GlobalSection(ExtensibilityGlobals) = postSolution
		SolutionGuid = {A5278E2B-B020-46DB-8C6E-02670D7256D6}
	EndGlobalSection
EndGlobal
